// !$*UTF8*$!
{
	archiveVersion = 1;
	classes = {
	};
	objectVersion = 55;
	objects = {

/* Begin PBXBuildFile section */
		3BCECC98C4B8AF7E74C2A5DA /* Pods_MeWeather.framework in Frameworks */ = {isa = PBXBuildFile; fileRef = BF5CADB2184FD36333E2A859 /* Pods_MeWeather.framework */; };
		6345820B288845AA0052D9D0 /* HomeVCExt.swift in Sources */ = {isa = PBXBuildFile; fileRef = 6345820A288845AA0052D9D0 /* HomeVCExt.swift */; };
		6345820D288845DC0052D9D0 /* DataManager.swift in Sources */ = {isa = PBXBuildFile; fileRef = 6345820C288845DC0052D9D0 /* DataManager.swift */; };
		63D89F97288800BC00FB076B /* AppDelegate.swift in Sources */ = {isa = PBXBuildFile; fileRef = 63D89F96288800BC00FB076B /* AppDelegate.swift */; };
		63D89F99288800BC00FB076B /* SceneDelegate.swift in Sources */ = {isa = PBXBuildFile; fileRef = 63D89F98288800BC00FB076B /* SceneDelegate.swift */; };
		63D89F9B288800BC00FB076B /* HomeVC.swift in Sources */ = {isa = PBXBuildFile; fileRef = 63D89F9A288800BC00FB076B /* HomeVC.swift */; };
		63D89FA1288800BC00FB076B /* MeWeather.xcdatamodeld in Sources */ = {isa = PBXBuildFile; fileRef = 63D89F9F288800BC00FB076B /* MeWeather.xcdatamodeld */; };
		63D89FA3288800BD00FB076B /* Assets.xcassets in Resources */ = {isa = PBXBuildFile; fileRef = 63D89FA2288800BD00FB076B /* Assets.xcassets */; };
		63D89FA6288800BD00FB076B /* LaunchScreen.storyboard in Resources */ = {isa = PBXBuildFile; fileRef = 63D89FA4288800BD00FB076B /* LaunchScreen.storyboard */; };
/* End PBXBuildFile section */

/* Begin PBXFileReference section */
		1649830554731FB4B0D3F10E /* Pods-MeWeather.release.xcconfig */ = {isa = PBXFileReference; includeInIndex = 1; lastKnownFileType = text.xcconfig; name = "Pods-MeWeather.release.xcconfig"; path = "Target Support Files/Pods-MeWeather/Pods-MeWeather.release.xcconfig"; sourceTree = "<group>"; };
		5F2F4B95F46AD14005D6EEF2 /* Pods-MeWeather.debug.xcconfig */ = {isa = PBXFileReference; includeInIndex = 1; lastKnownFileType = text.xcconfig; name = "Pods-MeWeather.debug.xcconfig"; path = "Target Support Files/Pods-MeWeather/Pods-MeWeather.debug.xcconfig"; sourceTree = "<group>"; };
		6345820A288845AA0052D9D0 /* HomeVCExt.swift */ = {isa = PBXFileReference; lastKnownFileType = sourcecode.swift; path = HomeVCExt.swift; sourceTree = "<group>"; };
		6345820C288845DC0052D9D0 /* DataManager.swift */ = {isa = PBXFileReference; lastKnownFileType = sourcecode.swift; path = DataManager.swift; sourceTree = "<group>"; };
		63D89F93288800BC00FB076B /* MeWeather.app */ = {isa = PBXFileReference; explicitFileType = wrapper.application; includeInIndex = 0; path = MeWeather.app; sourceTree = BUILT_PRODUCTS_DIR; };
		63D89F96288800BC00FB076B /* AppDelegate.swift */ = {isa = PBXFileReference; lastKnownFileType = sourcecode.swift; path = AppDelegate.swift; sourceTree = "<group>"; };
		63D89F98288800BC00FB076B /* SceneDelegate.swift */ = {isa = PBXFileReference; lastKnownFileType = sourcecode.swift; path = SceneDelegate.swift; sourceTree = "<group>"; };
		63D89F9A288800BC00FB076B /* HomeVC.swift */ = {isa = PBXFileReference; lastKnownFileType = sourcecode.swift; path = HomeVC.swift; sourceTree = "<group>"; };
		63D89FA0288800BC00FB076B /* MeWeather.xcdatamodel */ = {isa = PBXFileReference; lastKnownFileType = wrapper.xcdatamodel; path = MeWeather.xcdatamodel; sourceTree = "<group>"; };
		63D89FA2288800BD00FB076B /* Assets.xcassets */ = {isa = PBXFileReference; lastKnownFileType = folder.assetcatalog; path = Assets.xcassets; sourceTree = "<group>"; };
		63D89FA5288800BD00FB076B /* Base */ = {isa = PBXFileReference; lastKnownFileType = file.storyboard; name = Base; path = Base.lproj/LaunchScreen.storyboard; sourceTree = "<group>"; };
		63D89FA7288800BD00FB076B /* Info.plist */ = {isa = PBXFileReference; lastKnownFileType = text.plist.xml; path = Info.plist; sourceTree = "<group>"; };
		BF5CADB2184FD36333E2A859 /* Pods_MeWeather.framework */ = {isa = PBXFileReference; explicitFileType = wrapper.framework; includeInIndex = 0; path = Pods_MeWeather.framework; sourceTree = BUILT_PRODUCTS_DIR; };
/* End PBXFileReference section */

/* Begin PBXFrameworksBuildPhase section */
		63D89F90288800BC00FB076B /* Frameworks */ = {
			isa = PBXFrameworksBuildPhase;
			buildActionMask = 2147483647;
			files = (
				3BCECC98C4B8AF7E74C2A5DA /* Pods_MeWeather.framework in Frameworks */,
			);
			runOnlyForDeploymentPostprocessing = 0;
		};
/* End PBXFrameworksBuildPhase section */

/* Begin PBXGroup section */
		1323ED9193194A3F7126236C /* Pods */ = {
			isa = PBXGroup;
			children = (
				5F2F4B95F46AD14005D6EEF2 /* Pods-MeWeather.debug.xcconfig */,
				1649830554731FB4B0D3F10E /* Pods-MeWeather.release.xcconfig */,
			);
			path = Pods;
			sourceTree = "<group>";
		};
		63D89F8A288800BC00FB076B = {
			isa = PBXGroup;
			children = (
				63D89F95288800BC00FB076B /* MeWeather */,
				63D89F94288800BC00FB076B /* Products */,
				1323ED9193194A3F7126236C /* Pods */,
				6D30F7077F777DA09ECF56DB /* Frameworks */,
			);
			sourceTree = "<group>";
		};
		63D89F94288800BC00FB076B /* Products */ = {
			isa = PBXGroup;
			children = (
				63D89F93288800BC00FB076B /* MeWeather.app */,
			);
			name = Products;
			sourceTree = "<group>";
		};
		63D89F95288800BC00FB076B /* MeWeather */ = {
			isa = PBXGroup;
			children = (
				63D89F96288800BC00FB076B /* AppDelegate.swift */,
				63D89F98288800BC00FB076B /* SceneDelegate.swift */,
				63D89F9A288800BC00FB076B /* HomeVC.swift */,
				6345820A288845AA0052D9D0 /* HomeVCExt.swift */,
				63D89FA2288800BD00FB076B /* Assets.xcassets */,
				63D89FA4288800BD00FB076B /* LaunchScreen.storyboard */,
				63D89FA7288800BD00FB076B /* Info.plist */,
				63D89F9F288800BC00FB076B /* MeWeather.xcdatamodeld */,
				6345820C288845DC0052D9D0 /* DataManager.swift */,
			);
			path = MeWeather;
			sourceTree = "<group>";
		};
		6D30F7077F777DA09ECF56DB /* Frameworks */ = {
			isa = PBXGroup;
			children = (
				BF5CADB2184FD36333E2A859 /* Pods_MeWeather.framework */,
			);
			name = Frameworks;
			sourceTree = "<group>";
		};
/* End PBXGroup section */

/* Begin PBXNativeTarget section */
		63D89F92288800BC00FB076B /* MeWeather */ = {
			isa = PBXNativeTarget;
			buildConfigurationList = 63D89FAA288800BD00FB076B /* Build configuration list for PBXNativeTarget "MeWeather" */;
			buildPhases = (
				F46522BE9118E05F7F528996 /* [CP] Check Pods Manifest.lock */,
				63D89F8F288800BC00FB076B /* Sources */,
				63D89F90288800BC00FB076B /* Frameworks */,
				63D89F91288800BC00FB076B /* Resources */,
				13B8734DA2D724B8B93108DD /* [CP] Embed Pods Frameworks */,
			);
			buildRules = (
			);
			dependencies = (
			);
			name = MeWeather;
			productName = MeWeather;
			productReference = 63D89F93288800BC00FB076B /* MeWeather.app */;
			productType = "com.apple.product-type.application";
		};
/* End PBXNativeTarget section */

/* Begin PBXProject section */
		63D89F8B288800BC00FB076B /* Project object */ = {
			isa = PBXProject;
			attributes = {
				BuildIndependentTargetsInParallel = 1;
				LastSwiftUpdateCheck = 1330;
				LastUpgradeCheck = 1330;
				TargetAttributes = {
					63D89F92288800BC00FB076B = {
						CreatedOnToolsVersion = 13.3.1;
					};
				};
			};
			buildConfigurationList = 63D89F8E288800BC00FB076B /* Build configuration list for PBXProject "MeWeather" */;
			compatibilityVersion = "Xcode 13.0";
			developmentRegion = en;
			hasScannedForEncodings = 0;
			knownRegions = (
				en,
				Base,
			);
			mainGroup = 63D89F8A288800BC00FB076B;
			productRefGroup = 63D89F94288800BC00FB076B /* Products */;
			projectDirPath = "";
			projectRoot = "";
			targets = (
				63D89F92288800BC00FB076B /* MeWeather */,
			);
		};
/* End PBXProject section */

/* Begin PBXResourcesBuildPhase section */
		63D89F91288800BC00FB076B /* Resources */ = {
			isa = PBXResourcesBuildPhase;
			buildActionMask = 2147483647;
			files = (
				63D89FA6288800BD00FB076B /* LaunchScreen.storyboard in Resources */,
				63D89FA3288800BD00FB076B /* Assets.xcassets in Resources */,
			);
			runOnlyForDeploymentPostprocessing = 0;
		};
/* End PBXResourcesBuildPhase section */

/* Begin PBXShellScriptBuildPhase section */
		13B8734DA2D724B8B93108DD /* [CP] Embed Pods Frameworks */ = {
			isa = PBXShellScriptBuildPhase;
			buildActionMask = 2147483647;
			files = (
			);
			inputFileListPaths = (
				"${PODS_ROOT}/Target Support Files/Pods-MeWeather/Pods-MeWeather-frameworks-${CONFIGURATION}-input-files.xcfilelist",
			);
			name = "[CP] Embed Pods Frameworks";
			outputFileListPaths = (
				"${PODS_ROOT}/Target Support Files/Pods-MeWeather/Pods-MeWeather-frameworks-${CONFIGURATION}-output-files.xcfilelist",
			);
			runOnlyForDeploymentPostprocessing = 0;
			shellPath = /bin/sh;
			shellScript = "\"${PODS_ROOT}/Target Support Files/Pods-MeWeather/Pods-MeWeather-frameworks.sh\"\n";
			showEnvVarsInLog = 0;
		};
		F46522BE9118E05F7F528996 /* [CP] Check Pods Manifest.lock */ = {
			isa = PBXShellScriptBuildPhase;
			buildActionMask = 2147483647;
			files = (
			);
			inputFileListPaths = (
			);
			inputPaths = (
				"${PODS_PODFILE_DIR_PATH}/Podfile.lock",
				"${PODS_ROOT}/Manifest.lock",
			);
			name = "[CP] Check Pods Manifest.lock";
			outputFileListPaths = (
			);
			outputPaths = (
				"$(DERIVED_FILE_DIR)/Pods-MeWeather-checkManifestLockResult.txt",
			);
			runOnlyForDeploymentPostprocessing = 0;
			shellPath = /bin/sh;
			shellScript = "diff \"${PODS_PODFILE_DIR_PATH}/Podfile.lock\" \"${PODS_ROOT}/Manifest.lock\" > /dev/null\nif [ $? != 0 ] ; then\n    # print error to STDERR\n    echo \"error: The sandbox is not in sync with the Podfile.lock. Run 'pod install' or update your CocoaPods installation.\" >&2\n    exit 1\nfi\n# This output is used by Xcode 'outputs' to avoid re-running this script phase.\necho \"SUCCESS\" > \"${SCRIPT_OUTPUT_FILE_0}\"\n";
			showEnvVarsInLog = 0;
		};
/* End PBXShellScriptBuildPhase section */

/* Begin PBXSourcesBuildPhase section */
		63D89F8F288800BC00FB076B /* Sources */ = {
			isa = PBXSourcesBuildPhase;
			buildActionMask = 2147483647;
			files = (
				6345820B288845AA0052D9D0 /* HomeVCExt.swift in Sources */,
				6345820D288845DC0052D9D0 /* DataManager.swift in Sources */,
				63D89FA1288800BC00FB076B /* MeWeather.xcdatamodeld in Sources */,
				63D89F9B288800BC00FB076B /* HomeVC.swift in Sources */,
				63D89F97288800BC00FB076B /* AppDelegate.swift in Sources */,
				63D89F99288800BC00FB076B /* SceneDelegate.swift in Sources */,
			);
			runOnlyForDeploymentPostprocessing = 0;
		};
/* End PBXSourcesBuildPhase section */

/* Begin PBXVariantGroup section */
		63D89FA4288800BD00FB076B /* LaunchScreen.storyboard */ = {
			isa = PBXVariantGroup;
			children = (
				63D89FA5288800BD00FB076B /* Base */,
			);
			name = LaunchScreen.storyboard;
			sourceTree = "<group>";
		};
/* End PBXVariantGroup section */

/* Begin XCBuildConfiguration section */
		63D89FA8288800BD00FB076B /* Debug */ = {
			isa = XCBuildConfiguration;
			buildSettings = {
				ALWAYS_SEARCH_USER_PATHS = NO;
				CLANG_ANALYZER_NONNULL = YES;
				CLANG_ANALYZER_NUMBER_OBJECT_CONVERSION = YES_AGGRESSIVE;
				CLANG_CXX_LANGUAGE_STANDARD = "gnu++17";
				CLANG_ENABLE_MODULES = YES;
				CLANG_ENABLE_OBJC_ARC = YES;
				CLANG_ENABLE_OBJC_WEAK = YES;
				CLANG_WARN_BLOCK_CAPTURE_AUTORELEASING = YES;
				CLANG_WARN_BOOL_CONVERSION = YES;
				CLANG_WARN_COMMA = YES;
				CLANG_WARN_CONSTANT_CONVERSION = YES;
				CLANG_WARN_DEPRECATED_OBJC_IMPLEMENTATIONS = YES;
				CLANG_WARN_DIRECT_OBJC_ISA_USAGE = YES_ERROR;
				CLANG_WARN_DOCUMENTATION_COMMENTS = YES;
				CLANG_WARN_EMPTY_BODY = YES;
				CLANG_WARN_ENUM_CONVERSION = YES;
				CLANG_WARN_INFINITE_RECURSION = YES;
				CLANG_WARN_INT_CONVERSION = YES;
				CLANG_WARN_NON_LITERAL_NULL_CONVERSION = YES;
				CLANG_WARN_OBJC_IMPLICIT_RETAIN_SELF = YES;
				CLANG_WARN_OBJC_LITERAL_CONVERSION = YES;
				CLANG_WARN_OBJC_ROOT_CLASS = YES_ERROR;
				CLANG_WARN_QUOTED_INCLUDE_IN_FRAMEWORK_HEADER = YES;
				CLANG_WARN_RANGE_LOOP_ANALYSIS = YES;
				CLANG_WARN_STRICT_PROTOTYPES = YES;
				CLANG_WARN_SUSPICIOUS_MOVE = YES;
				CLANG_WARN_UNGUARDED_AVAILABILITY = YES_AGGRESSIVE;
				CLANG_WARN_UNREACHABLE_CODE = YES;
				CLANG_WARN__DUPLICATE_METHOD_MATCH = YES;
				COPY_PHASE_STRIP = NO;
				DEBUG_INFORMATION_FORMAT = dwarf;
				ENABLE_STRICT_OBJC_MSGSEND = YES;
				ENABLE_TESTABILITY = YES;
				GCC_C_LANGUAGE_STANDARD = gnu11;
				GCC_DYNAMIC_NO_PIC = NO;
				GCC_NO_COMMON_BLOCKS = YES;
				GCC_OPTIMIZATION_LEVEL = 0;
				GCC_PREPROCESSOR_DEFINITIONS = (
					"DEBUG=1",
					"$(inherited)",
				);
				GCC_WARN_64_TO_32_BIT_CONVERSION = YES;
				GCC_WARN_ABOUT_RETURN_TYPE = YES_ERROR;
				GCC_WARN_UNDECLARED_SELECTOR = YES;
				GCC_WARN_UNINITIALIZED_AUTOS = YES_AGGRESSIVE;
				GCC_WARN_UNUSED_FUNCTION = YES;
				GCC_WARN_UNUSED_VARIABLE = YES;
				IPHONEOS_DEPLOYMENT_TARGET = 15.4;
				MTL_ENABLE_DEBUG_INFO = INCLUDE_SOURCE;
				MTL_FAST_MATH = YES;
				ONLY_ACTIVE_ARCH = YES;
				SDKROOT = iphoneos;
				SWIFT_ACTIVE_COMPILATION_CONDITIONS = DEBUG;
				SWIFT_OPTIMIZATION_LEVEL = "-Onone";
			};
			name = Debug;
		};
		63D89FA9288800BD00FB076B /* Release */ = {
			isa = XCBuildConfiguration;
			buildSettings = {
				ALWAYS_SEARCH_USER_PATHS = NO;
				CLANG_ANALYZER_NONNULL = YES;
				CLANG_ANALYZER_NUMBER_OBJECT_CONVERSION = YES_AGGRESSIVE;
				CLANG_CXX_LANGUAGE_STANDARD = "gnu++17";
				CLANG_ENABLE_MODULES = YES;
				CLANG_ENABLE_OBJC_ARC = YES;
				CLANG_ENABLE_OBJC_WEAK = YES;
				CLANG_WARN_BLOCK_CAPTURE_AUTORELEASING = YES;
				CLANG_WARN_BOOL_CONVERSION = YES;
				CLANG_WARN_COMMA = YES;
				CLANG_WARN_CONSTANT_CONVERSION = YES;
				CLANG_WARN_DEPRECATED_OBJC_IMPLEMENTATIONS = YES;
				CLANG_WARN_DIRECT_OBJC_ISA_USAGE = YES_ERROR;
				CLANG_WARN_DOCUMENTATION_COMMENTS = YES;
				CLANG_WARN_EMPTY_BODY = YES;
				CLANG_WARN_ENUM_CONVERSION = YES;
				CLANG_WARN_INFINITE_RECURSION = YES;
				CLANG_WARN_INT_CONVERSION = YES;
				CLANG_WARN_NON_LITERAL_NULL_CONVERSION = YES;
				CLANG_WARN_OBJC_IMPLICIT_RETAIN_SELF = YES;
				CLANG_WARN_OBJC_LITERAL_CONVERSION = YES;
				CLANG_WARN_OBJC_ROOT_CLASS = YES_ERROR;
				CLANG_WARN_QUOTED_INCLUDE_IN_FRAMEWORK_HEADER = YES;
				CLANG_WARN_RANGE_LOOP_ANALYSIS = YES;
				CLANG_WARN_STRICT_PROTOTYPES = YES;
				CLANG_WARN_SUSPICIOUS_MOVE = YES;
				CLANG_WARN_UNGUARDED_AVAILABILITY = YES_AGGRESSIVE;
				CLANG_WARN_UNREACHABLE_CODE = YES;
				CLANG_WARN__DUPLICATE_METHOD_MATCH = YES;
				COPY_PHASE_STRIP = NO;
				DEBUG_INFORMATION_FORMAT = "dwarf-with-dsym";
				ENABLE_NS_ASSERTIONS = NO;
				ENABLE_STRICT_OBJC_MSGSEND = YES;
				GCC_C_LANGUAGE_STANDARD = gnu11;
				GCC_NO_COMMON_BLOCKS = YES;
				GCC_WARN_64_TO_32_BIT_CONVERSION = YES;
				GCC_WARN_ABOUT_RETURN_TYPE = YES_ERROR;
				GCC_WARN_UNDECLARED_SELECTOR = YES;
				GCC_WARN_UNINITIALIZED_AUTOS = YES_AGGRESSIVE;
				GCC_WARN_UNUSED_FUNCTION = YES;
				GCC_WARN_UNUSED_VARIABLE = YES;
				IPHONEOS_DEPLOYMENT_TARGET = 15.4;
				MTL_ENABLE_DEBUG_INFO = NO;
				MTL_FAST_MATH = YES;
				SDKROOT = iphoneos;
				SWIFT_COMPILATION_MODE = wholemodule;
				SWIFT_OPTIMIZATION_LEVEL = "-O";
				VALIDATE_PRODUCT = YES;
			};
			name = Release;
		};
		63D89FAB288800BD00FB076B /* Debug */ = {
			isa = XCBuildConfiguration;
			baseConfigurationReference = 5F2F4B95F46AD14005D6EEF2 /* Pods-MeWeather.debug.xcconfig */;
			buildSettings = {
				ASSETCATALOG_COMPILER_APPICON_NAME = AppIcon;
				ASSETCATALOG_COMPILER_GLOBAL_ACCENT_COLOR_NAME = AccentColor;
				CODE_SIGN_STYLE = Automatic;
				CURRENT_PROJECT_VERSION = 1;
				DEVELOPMENT_TEAM = QUDF6AF257;
				GENERATE_INFOPLIST_FILE = YES;
				INFOPLIST_FILE = MeWeather/Info.plist;
				INFOPLIST_KEY_UIApplicationSupportsIndirectInputEvents = YES;
				INFOPLIST_KEY_UILaunchStoryboardName = LaunchScreen;
				INFOPLIST_KEY_UISupportedInterfaceOrientations_iPad = "UIInterfaceOrientationPortrait UIInterfaceOrientationPortraitUpsideDown UIInterfaceOrientationLandscapeLeft UIInterfaceOrientationLandscapeRight";
				INFOPLIST_KEY_UISupportedInterfaceOrientations_iPhone = "UIInterfaceOrientationPortrait UIInterfaceOrientationLandscapeLeft UIInterfaceOrientationLandscapeRight";
				LD_RUNPATH_SEARCH_PATHS = (
					"$(inherited)",
					"@executable_path/Frameworks",
				);
				MARKETING_VERSION = 1.0;
				PRODUCT_BUNDLE_IDENTIFIER = meggsila.com.MeWeather;
				PRODUCT_NAME = "$(TARGET_NAME)";
				SWIFT_EMIT_LOC_STRINGS = YES;
				SWIFT_VERSION = 5.0;
				TARGETED_DEVICE_FAMILY = "1,2";
			};
			name = Debug;
		};
		63D89FAC288800BD00FB076B /* Release */ = {
			isa = XCBuildConfiguration;
			baseConfigurationReference = 1649830554731FB4B0D3F10E /* Pods-MeWeather.release.xcconfig */;
			buildSettings = {
				ASSETCATALOG_COMPILER_APPICON_NAME = AppIcon;
				ASSETCATALOG_COMPILER_GLOBAL_ACCENT_COLOR_NAME = AccentColor;
				CODE_SIGN_STYLE = Automatic;
				CURRENT_PROJECT_VERSION = 1;
				DEVELOPMENT_TEAM = QUDF6AF257;
				GENERATE_INFOPLIST_FILE = YES;
				INFOPLIST_FILE = MeWeather/Info.plist;
				INFOPLIST_KEY_UIApplicationSupportsIndirectInputEvents = YES;
				INFOPLIST_KEY_UILaunchStoryboardName = LaunchScreen;
				INFOPLIST_KEY_UISupportedInterfaceOrientations_iPad = "UIInterfaceOrientationPortrait UIInterfaceOrientationPortraitUpsideDown UIInterfaceOrientationLandscapeLeft UIInterfaceOrientationLandscapeRight";
				INFOPLIST_KEY_UISupportedInterfaceOrientations_iPhone = "UIInterfaceOrientationPortrait UIInterfaceOrientationLandscapeLeft UIInterfaceOrientationLandscapeRight";
				LD_RUNPATH_SEARCH_PATHS = (
					"$(inherited)",
					"@executable_path/Frameworks",
				);
				MARKETING_VERSION = 1.0;
				PRODUCT_BUNDLE_IDENTIFIER = meggsila.com.MeWeather;
				PRODUCT_NAME = "$(TARGET_NAME)";
				SWIFT_EMIT_LOC_STRINGS = YES;
				SWIFT_VERSION = 5.0;
				TARGETED_DEVICE_FAMILY = "1,2";
			};
			name = Release;
		};
/* End XCBuildConfiguration section */

/* Begin XCConfigurationList section */
		63D89F8E288800BC00FB076B /* Build configuration list for PBXProject "MeWeather" */ = {
			isa = XCConfigurationList;
			buildConfigurations = (
				63D89FA8288800BD00FB076B /* Debug */,
				63D89FA9288800BD00FB076B /* Release */,
			);
			defaultConfigurationIsVisible = 0;
			defaultConfigurationName = Release;
		};
		63D89FAA288800BD00FB076B /* Build configuration list for PBXNativeTarget "MeWeather" */ = {
			isa = XCConfigurationList;
			buildConfigurations = (
				63D89FAB288800BD00FB076B /* Debug */,
				63D89FAC288800BD00FB076B /* Release */,
			);
			defaultConfigurationIsVisible = 0;
			defaultConfigurationName = Release;
		};
/* End XCConfigurationList section */

/* Begin XCVersionGroup section */
		63D89F9F288800BC00FB076B /* MeWeather.xcdatamodeld */ = {
			isa = XCVersionGroup;
			children = (
				63D89FA0288800BC00FB076B /* MeWeather.xcdatamodel */,
			);
			currentVersion = 63D89FA0288800BC00FB076B /* MeWeather.xcdatamodel */;
			path = MeWeather.xcdatamodeld;
			sourceTree = "<group>";
			versionGroupType = wrapper.xcdatamodel;
		};
/* End XCVersionGroup section */
	};
	rootObject = 63D89F8B288800BC00FB076B /* Project object */;
}
